
Microsoft Visual Studio Solution File, Format Version 12.00
# Visual Studio Version 17
VisualStudioVersion = 17.0.31912.275
MinimumVisualStudioVersion = 10.0.40219.1
Project("{9A19103F-16F7-4668-BE54-9A1E7A4F7556}") = "Singleton", "Singleton\Singleton.csproj", "{B70773F3-CE16-46DE-8814-EB3F0BEE5321}"
EndProject
Project("{9A19103F-16F7-4668-BE54-9A1E7A4F7556}") = "Factory", "Factory\Factory.csproj", "{259710B5-A056-457B-AD56-73A5F10F599F}"
EndProject
Project("{9A19103F-16F7-4668-BE54-9A1E7A4F7556}") = "AbstractFactory", "AbstractFactory\AbstractFactory.csproj", "{48601EDC-FC63-4608-810D-7E061C0C8AED}"
EndProject
Project("{9A19103F-16F7-4668-BE54-9A1E7A4F7556}") = "Prototype", "Prototype\Prototype.csproj", "{BA645FF1-FF8A-44BA-B20C-307B0C8059E9}"
EndProject
Project("{9A19103F-16F7-4668-BE54-9A1E7A4F7556}") = "Builder", "Builder\Builder.csproj", "{552077D0-064E-4ABA-BFBA-C7848B293D0F}"
EndProject
Project("{9A19103F-16F7-4668-BE54-9A1E7A4F7556}") = "Facade", "Facade\Facade.csproj", "{6C70E0EC-3840-493E-8DD8-E24743FF0834}"
EndProject
Project("{9A19103F-16F7-4668-BE54-9A1E7A4F7556}") = "Adapter", "Adapter\Adapter.csproj", "{8BB33BB6-218E-498E-AFD9-EC34CEC00F4F}"
EndProject
Project("{FAE04EC0-301F-11D3-BF4B-00C04F79EFBC}") = "Composite", "Composite\Composite.csproj", "{5C42232D-3DEE-4311-80A1-470DC8D5B6C8}"
EndProject
Project("{FAE04EC0-301F-11D3-BF4B-00C04F79EFBC}") = "Proxy", "Proxy\Proxy.csproj", "{D854D470-335F-4787-9348-C6816BD3FA4D}"
EndProject
Project("{FAE04EC0-301F-11D3-BF4B-00C04F79EFBC}") = "Decorator", "Decorator\Decorator.csproj", "{9E1AA0AE-283F-48DC-AECF-346B91DA1AA1}"
EndProject
Project("{FAE04EC0-301F-11D3-BF4B-00C04F79EFBC}") = "Bridge", "Bridge\Bridge.csproj", "{4C195E5C-1933-4C10-BFE4-210FDE50FB56}"
EndProject
Project("{FAE04EC0-301F-11D3-BF4B-00C04F79EFBC}") = "Strategy", "Strategy\Strategy.csproj", "{20F2C71C-BADB-4712-9360-C3B687D0EE7F}"
EndProject
Project("{FAE04EC0-301F-11D3-BF4B-00C04F79EFBC}") = "Observer", "Observer\Observer.csproj", "{A28A8193-FB13-4FA1-8181-DEDA16926547}"
EndProject
Project("{FAE04EC0-301F-11D3-BF4B-00C04F79EFBC}") = "ChangeOfResponsibility", "ChangeOfResponsibility\ChangeOfResponsibility.csproj", "{3845745F-19DA-4178-8394-4260C65764E6}"
EndProject
Global
	GlobalSection(SolutionConfigurationPlatforms) = preSolution
		Debug|Any CPU = Debug|Any CPU
		Release|Any CPU = Release|Any CPU
	EndGlobalSection
	GlobalSection(ProjectConfigurationPlatforms) = postSolution
		{B70773F3-CE16-46DE-8814-EB3F0BEE5321}.Debug|Any CPU.ActiveCfg = Debug|Any CPU
		{B70773F3-CE16-46DE-8814-EB3F0BEE5321}.Debug|Any CPU.Build.0 = Debug|Any CPU
		{B70773F3-CE16-46DE-8814-EB3F0BEE5321}.Release|Any CPU.ActiveCfg = Release|Any CPU
		{B70773F3-CE16-46DE-8814-EB3F0BEE5321}.Release|Any CPU.Build.0 = Release|Any CPU
		{259710B5-A056-457B-AD56-73A5F10F599F}.Debug|Any CPU.ActiveCfg = Debug|Any CPU
		{259710B5-A056-457B-AD56-73A5F10F599F}.Debug|Any CPU.Build.0 = Debug|Any CPU
		{259710B5-A056-457B-AD56-73A5F10F599F}.Release|Any CPU.ActiveCfg = Release|Any CPU
		{259710B5-A056-457B-AD56-73A5F10F599F}.Release|Any CPU.Build.0 = Release|Any CPU
		{48601EDC-FC63-4608-810D-7E061C0C8AED}.Debug|Any CPU.ActiveCfg = Debug|Any CPU
		{48601EDC-FC63-4608-810D-7E061C0C8AED}.Debug|Any CPU.Build.0 = Debug|Any CPU
		{48601EDC-FC63-4608-810D-7E061C0C8AED}.Release|Any CPU.ActiveCfg = Release|Any CPU
		{48601EDC-FC63-4608-810D-7E061C0C8AED}.Release|Any CPU.Build.0 = Release|Any CPU
		{BA645FF1-FF8A-44BA-B20C-307B0C8059E9}.Debug|Any CPU.ActiveCfg = Debug|Any CPU
		{BA645FF1-FF8A-44BA-B20C-307B0C8059E9}.Debug|Any CPU.Build.0 = Debug|Any CPU
		{BA645FF1-FF8A-44BA-B20C-307B0C8059E9}.Release|Any CPU.ActiveCfg = Release|Any CPU
		{BA645FF1-FF8A-44BA-B20C-307B0C8059E9}.Release|Any CPU.Build.0 = Release|Any CPU
		{552077D0-064E-4ABA-BFBA-C7848B293D0F}.Debug|Any CPU.ActiveCfg = Debug|Any CPU
		{552077D0-064E-4ABA-BFBA-C7848B293D0F}.Debug|Any CPU.Build.0 = Debug|Any CPU
		{552077D0-064E-4ABA-BFBA-C7848B293D0F}.Release|Any CPU.ActiveCfg = Release|Any CPU
		{552077D0-064E-4ABA-BFBA-C7848B293D0F}.Release|Any CPU.Build.0 = Release|Any CPU
		{6C70E0EC-3840-493E-8DD8-E24743FF0834}.Debug|Any CPU.ActiveCfg = Debug|Any CPU
		{6C70E0EC-3840-493E-8DD8-E24743FF0834}.Debug|Any CPU.Build.0 = Debug|Any CPU
		{6C70E0EC-3840-493E-8DD8-E24743FF0834}.Release|Any CPU.ActiveCfg = Release|Any CPU
		{6C70E0EC-3840-493E-8DD8-E24743FF0834}.Release|Any CPU.Build.0 = Release|Any CPU
		{8BB33BB6-218E-498E-AFD9-EC34CEC00F4F}.Debug|Any CPU.ActiveCfg = Debug|Any CPU
		{8BB33BB6-218E-498E-AFD9-EC34CEC00F4F}.Debug|Any CPU.Build.0 = Debug|Any CPU
		{8BB33BB6-218E-498E-AFD9-EC34CEC00F4F}.Release|Any CPU.ActiveCfg = Release|Any CPU
		{8BB33BB6-218E-498E-AFD9-EC34CEC00F4F}.Release|Any CPU.Build.0 = Release|Any CPU
		{5C42232D-3DEE-4311-80A1-470DC8D5B6C8}.Debug|Any CPU.ActiveCfg = Debug|Any CPU
		{5C42232D-3DEE-4311-80A1-470DC8D5B6C8}.Debug|Any CPU.Build.0 = Debug|Any CPU
		{5C42232D-3DEE-4311-80A1-470DC8D5B6C8}.Release|Any CPU.ActiveCfg = Release|Any CPU
		{5C42232D-3DEE-4311-80A1-470DC8D5B6C8}.Release|Any CPU.Build.0 = Release|Any CPU
		{D854D470-335F-4787-9348-C6816BD3FA4D}.Debug|Any CPU.ActiveCfg = Debug|Any CPU
		{D854D470-335F-4787-9348-C6816BD3FA4D}.Debug|Any CPU.Build.0 = Debug|Any CPU
		{D854D470-335F-4787-9348-C6816BD3FA4D}.Release|Any CPU.ActiveCfg = Release|Any CPU
		{D854D470-335F-4787-9348-C6816BD3FA4D}.Release|Any CPU.Build.0 = Release|Any CPU
		{9E1AA0AE-283F-48DC-AECF-346B91DA1AA1}.Debug|Any CPU.ActiveCfg = Debug|Any CPU
		{9E1AA0AE-283F-48DC-AECF-346B91DA1AA1}.Debug|Any CPU.Build.0 = Debug|Any CPU
		{9E1AA0AE-283F-48DC-AECF-346B91DA1AA1}.Release|Any CPU.ActiveCfg = Release|Any CPU
		{9E1AA0AE-283F-48DC-AECF-346B91DA1AA1}.Release|Any CPU.Build.0 = Release|Any CPU
		{4C195E5C-1933-4C10-BFE4-210FDE50FB56}.Debug|Any CPU.ActiveCfg = Debug|Any CPU
		{4C195E5C-1933-4C10-BFE4-210FDE50FB56}.Debug|Any CPU.Build.0 = Debug|Any CPU
		{4C195E5C-1933-4C10-BFE4-210FDE50FB56}.Release|Any CPU.ActiveCfg = Release|Any CPU
		{4C195E5C-1933-4C10-BFE4-210FDE50FB56}.Release|Any CPU.Build.0 = Release|Any CPU
		{20F2C71C-BADB-4712-9360-C3B687D0EE7F}.Debug|Any CPU.ActiveCfg = Debug|Any CPU
		{20F2C71C-BADB-4712-9360-C3B687D0EE7F}.Debug|Any CPU.Build.0 = Debug|Any CPU
		{20F2C71C-BADB-4712-9360-C3B687D0EE7F}.Release|Any CPU.ActiveCfg = Release|Any CPU
		{20F2C71C-BADB-4712-9360-C3B687D0EE7F}.Release|Any CPU.Build.0 = Release|Any CPU
		{A28A8193-FB13-4FA1-8181-DEDA16926547}.Debug|Any CPU.ActiveCfg = Debug|Any CPU
		{A28A8193-FB13-4FA1-8181-DEDA16926547}.Debug|Any CPU.Build.0 = Debug|Any CPU
		{A28A8193-FB13-4FA1-8181-DEDA16926547}.Release|Any CPU.ActiveCfg = Release|Any CPU
		{A28A8193-FB13-4FA1-8181-DEDA16926547}.Release|Any CPU.Build.0 = Release|Any CPU
		{3845745F-19DA-4178-8394-4260C65764E6}.Debug|Any CPU.ActiveCfg = Debug|Any CPU
		{3845745F-19DA-4178-8394-4260C65764E6}.Debug|Any CPU.Build.0 = Debug|Any CPU
		{3845745F-19DA-4178-8394-4260C65764E6}.Release|Any CPU.ActiveCfg = Release|Any CPU
		{3845745F-19DA-4178-8394-4260C65764E6}.Release|Any CPU.Build.0 = Release|Any CPU
	EndGlobalSection
	GlobalSection(SolutionProperties) = preSolution
		HideSolutionNode = FALSE
	EndGlobalSection
	GlobalSection(ExtensibilityGlobals) = postSolution
		SolutionGuid = {8080AEE6-B9B2-4861-B7B0-AB6141F56529}
	EndGlobalSection
EndGlobal
